
Microsoft Visual Studio Solution File, Format Version 12.00
# Visual Studio Version 16
VisualStudioVersion = 16.0.30523.141
MinimumVisualStudioVersion = 10.0.40219.1
Project("{FAE04EC0-301F-11D3-BF4B-00C04F79EFBC}") = "Główna strona", "Główna strona\Główna strona.csproj", "{83359CBF-7D3E-4F5A-86F2-22A051DCB35D}"
EndProject
Global
	GlobalSection(SolutionConfigurationPlatforms) = preSolution
		Debug|Any CPU = Debug|Any CPU
		Release|Any CPU = Release|Any CPU
	EndGlobalSection
	GlobalSection(ProjectConfigurationPlatforms) = postSolution
		{83359CBF-7D3E-4F5A-86F2-22A051DCB35D}.Debug|Any CPU.ActiveCfg = Debug|Any CPU
		{83359CBF-7D3E-4F5A-86F2-22A051DCB35D}.Debug|Any CPU.Build.0 = Debug|Any CPU
		{83359CBF-7D3E-4F5A-86F2-22A051DCB35D}.Release|Any CPU.ActiveCfg = Release|Any CPU
		{83359CBF-7D3E-4F5A-86F2-22A051DCB35D}.Release|Any CPU.Build.0 = Release|Any CPU
	EndGlobalSection
	GlobalSection(SolutionProperties) = preSolution
		HideSolutionNode = FALSE
	EndGlobalSection
	GlobalSection(ExtensibilityGlobals) = postSolution
		SolutionGuid = {AD1C76FE-5CE3-463B-9872-6C7FA7E06BC5}
	EndGlobalSection
EndGlobal
